
Microsoft Visual Studio Solution File, Format Version 12.00
Project("{2150E333-8FDC-42A3-9474-1A3956D46DE8}") = "Domain", "Domain", "{84E222A1-7DDF-4C68-9E90-1498708AB21E}"
EndProject
Project("{2150E333-8FDC-42A3-9474-1A3956D46DE8}") = "Infrastructure", "Infrastructure", "{4ECFDC97-4C00-4E57-AC34-F97930E5DEDB}"
EndProject
Project("{2150E333-8FDC-42A3-9474-1A3956D46DE8}") = "Presentation", "Presentation", "{2459C396-36F6-4B8D-BFA7-36DCF5823F5F}"
EndProject
Project("{FAE04EC0-301F-11D3-BF4B-00C04F79EFBC}") = "PMIntegrationService.Core", "PMIntegrationService.Core\PMIntegrationService.Core.csproj", "{724A6E6D-5A68-445B-A6B3-1AC7C956F1A3}"
EndProject
Project("{2150E333-8FDC-42A3-9474-1A3956D46DE8}") = "src", "src", "{669B4185-D759-4A30-92A3-3316F8137B74}"
EndProject
Project("{2150E333-8FDC-42A3-9474-1A3956D46DE8}") = "sevice", "sevice", "{BFE804F1-6814-4607-B788-EAA0AFC13F52}"
EndProject
Project("{2150E333-8FDC-42A3-9474-1A3956D46DE8}") = "tests", "tests", "{31EFC794-F19E-4230-8BED-3AED7DEEC3A0}"
EndProject
Project("{FAE04EC0-301F-11D3-BF4B-00C04F79EFBC}") = "DataConnection", "DataConnection\DataConnection.csproj", "{4509C4EA-16CE-4BB0-9F62-96FE1BC6273A}"
EndProject
Project("{FAE04EC0-301F-11D3-BF4B-00C04F79EFBC}") = "PMSIntegrationService.Application", "PMSIntegrationService.Application\PMSIntegrationService.Application.csproj", "{EA0E01A9-755A-4730-9DE9-15682935DFAC}"
EndProject
Project("{FAE04EC0-301F-11D3-BF4B-00C04F79EFBC}") = "pmintegration.worker", "pmintegration.worker\pmintegration.worker.csproj", "{B2824731-E6BC-4CD2-84B7-54EB1BFF2AD6}"
EndProject
Global
	GlobalSection(SolutionConfigurationPlatforms) = preSolution
		Debug|Any CPU = Debug|Any CPU
		Release|Any CPU = Release|Any CPU
	EndGlobalSection
	GlobalSection(NestedProjects) = preSolution
		{724A6E6D-5A68-445B-A6B3-1AC7C956F1A3} = {84E222A1-7DDF-4C68-9E90-1498708AB21E}
		{BFE804F1-6814-4607-B788-EAA0AFC13F52} = {669B4185-D759-4A30-92A3-3316F8137B74}
		{2459C396-36F6-4B8D-BFA7-36DCF5823F5F} = {BFE804F1-6814-4607-B788-EAA0AFC13F52}
		{4ECFDC97-4C00-4E57-AC34-F97930E5DEDB} = {BFE804F1-6814-4607-B788-EAA0AFC13F52}
		{84E222A1-7DDF-4C68-9E90-1498708AB21E} = {BFE804F1-6814-4607-B788-EAA0AFC13F52}
		{31EFC794-F19E-4230-8BED-3AED7DEEC3A0} = {669B4185-D759-4A30-92A3-3316F8137B74}
		{4509C4EA-16CE-4BB0-9F62-96FE1BC6273A} = {4ECFDC97-4C00-4E57-AC34-F97930E5DEDB}
		{EA0E01A9-755A-4730-9DE9-15682935DFAC} = {84E222A1-7DDF-4C68-9E90-1498708AB21E}
		{B2824731-E6BC-4CD2-84B7-54EB1BFF2AD6} = {2459C396-36F6-4B8D-BFA7-36DCF5823F5F}
	EndGlobalSection
	GlobalSection(ProjectConfigurationPlatforms) = postSolution
		{724A6E6D-5A68-445B-A6B3-1AC7C956F1A3}.Debug|Any CPU.ActiveCfg = Debug|Any CPU
		{724A6E6D-5A68-445B-A6B3-1AC7C956F1A3}.Debug|Any CPU.Build.0 = Debug|Any CPU
		{724A6E6D-5A68-445B-A6B3-1AC7C956F1A3}.Release|Any CPU.ActiveCfg = Release|Any CPU
		{724A6E6D-5A68-445B-A6B3-1AC7C956F1A3}.Release|Any CPU.Build.0 = Release|Any CPU
		{4509C4EA-16CE-4BB0-9F62-96FE1BC6273A}.Debug|Any CPU.ActiveCfg = Debug|Any CPU
		{4509C4EA-16CE-4BB0-9F62-96FE1BC6273A}.Debug|Any CPU.Build.0 = Debug|Any CPU
		{4509C4EA-16CE-4BB0-9F62-96FE1BC6273A}.Release|Any CPU.ActiveCfg = Release|Any CPU
		{4509C4EA-16CE-4BB0-9F62-96FE1BC6273A}.Release|Any CPU.Build.0 = Release|Any CPU
		{EA0E01A9-755A-4730-9DE9-15682935DFAC}.Debug|Any CPU.ActiveCfg = Debug|Any CPU
		{EA0E01A9-755A-4730-9DE9-15682935DFAC}.Debug|Any CPU.Build.0 = Debug|Any CPU
		{EA0E01A9-755A-4730-9DE9-15682935DFAC}.Release|Any CPU.ActiveCfg = Release|Any CPU
		{EA0E01A9-755A-4730-9DE9-15682935DFAC}.Release|Any CPU.Build.0 = Release|Any CPU
		{B2824731-E6BC-4CD2-84B7-54EB1BFF2AD6}.Debug|Any CPU.ActiveCfg = Debug|Any CPU
		{B2824731-E6BC-4CD2-84B7-54EB1BFF2AD6}.Debug|Any CPU.Build.0 = Debug|Any CPU
		{B2824731-E6BC-4CD2-84B7-54EB1BFF2AD6}.Release|Any CPU.ActiveCfg = Release|Any CPU
		{B2824731-E6BC-4CD2-84B7-54EB1BFF2AD6}.Release|Any CPU.Build.0 = Release|Any CPU
	EndGlobalSection
EndGlobal
